
Microsoft Visual Studio Solution File, Format Version 11.00
# Visual Studio 2010
Project("{FAE04EC0-301F-11D3-BF4B-00C04F79EFBC}") = "AnonymousTypeExperiment", "AnonymousTypeExperiment\AnonymousTypeExperiment.csproj", "{CE79BAC5-E24F-4942-BC40-1ACE8D58BD54}"
EndProject
Project("{2150E333-8FDC-42A3-9474-1A3956D46DE8}") = ".nuget", ".nuget", "{39D77019-06CC-47C9-8946-F3E773B5E1F6}"
	ProjectSection(SolutionItems) = preProject
		.nuget\NuGet.Config = .nuget\NuGet.Config
		.nuget\NuGet.exe = .nuget\NuGet.exe
		.nuget\NuGet.targets = .nuget\NuGet.targets
	EndProjectSection
EndProject
Global
	GlobalSection(SolutionConfigurationPlatforms) = preSolution
		Debug|Any CPU = Debug|Any CPU
		Release|Any CPU = Release|Any CPU
	EndGlobalSection
	GlobalSection(ProjectConfigurationPlatforms) = postSolution
		{CE79BAC5-E24F-4942-BC40-1ACE8D58BD54}.Debug|Any CPU.ActiveCfg = Debug|Any CPU
		{CE79BAC5-E24F-4942-BC40-1ACE8D58BD54}.Debug|Any CPU.Build.0 = Debug|Any CPU
		{CE79BAC5-E24F-4942-BC40-1ACE8D58BD54}.Release|Any CPU.ActiveCfg = Release|Any CPU
		{CE79BAC5-E24F-4942-BC40-1ACE8D58BD54}.Release|Any CPU.Build.0 = Release|Any CPU
	EndGlobalSection
	GlobalSection(SolutionProperties) = preSolution
		HideSolutionNode = FALSE
	EndGlobalSection
EndGlobal
